
Microsoft Visual Studio Solution File, Format Version 12.00
# Visual Studio Version 17
VisualStudioVersion = 17.3.32929.385
MinimumVisualStudioVersion = 10.0.40219.1
Project("{9A19103F-16F7-4668-BE54-9A1E7A4F7556}") = "Dz1", "Dz1\Dz1.csproj", "{765DCCF0-3703-4A1B-A4C4-36A1FD52229F}"
EndProject
Project("{9A19103F-16F7-4668-BE54-9A1E7A4F7556}") = "Dz1.2", "Dz1.1\Dz1.2.csproj", "{CE943533-BD5A-40B1-836D-D01952EB1D3D}"
EndProject
Project("{FAE04EC0-301F-11D3-BF4B-00C04F79EFBC}") = "Dz1.3", "Dz1.3\Dz1.3.csproj", "{556C3CDA-439B-4735-9366-DB05B65EB646}"
EndProject
Project("{FAE04EC0-301F-11D3-BF4B-00C04F79EFBC}") = "Dz2.1", "Dz2.1\Dz2.1.csproj", "{6DE3D588-A6F1-4710-A5E6-6514C6AD0577}"
EndProject
Project("{FAE04EC0-301F-11D3-BF4B-00C04F79EFBC}") = "Dz2.2", "Dz2.2\Dz2.2.csproj", "{54D03D3F-93A8-47D6-914B-700240990102}"
EndProject
Project("{FAE04EC0-301F-11D3-BF4B-00C04F79EFBC}") = "Dz3.2", "3.2\Dz3.2.csproj", "{BAE23C39-CA65-4DDD-9DC7-DA8AEBB8962A}"
EndProject
Project("{FAE04EC0-301F-11D3-BF4B-00C04F79EFBC}") = "Dz1.4", "Dz1.4\Dz1.4.csproj", "{682DA179-56E4-46D6-B3CB-B990B090A7C8}"
EndProject
Global
	GlobalSection(SolutionConfigurationPlatforms) = preSolution
		Debug|Any CPU = Debug|Any CPU
		Release|Any CPU = Release|Any CPU
	EndGlobalSection
	GlobalSection(ProjectConfigurationPlatforms) = postSolution
		{765DCCF0-3703-4A1B-A4C4-36A1FD52229F}.Debug|Any CPU.ActiveCfg = Debug|Any CPU
		{765DCCF0-3703-4A1B-A4C4-36A1FD52229F}.Debug|Any CPU.Build.0 = Debug|Any CPU
		{765DCCF0-3703-4A1B-A4C4-36A1FD52229F}.Release|Any CPU.ActiveCfg = Release|Any CPU
		{765DCCF0-3703-4A1B-A4C4-36A1FD52229F}.Release|Any CPU.Build.0 = Release|Any CPU
		{CE943533-BD5A-40B1-836D-D01952EB1D3D}.Debug|Any CPU.ActiveCfg = Debug|Any CPU
		{CE943533-BD5A-40B1-836D-D01952EB1D3D}.Debug|Any CPU.Build.0 = Debug|Any CPU
		{CE943533-BD5A-40B1-836D-D01952EB1D3D}.Release|Any CPU.ActiveCfg = Release|Any CPU
		{CE943533-BD5A-40B1-836D-D01952EB1D3D}.Release|Any CPU.Build.0 = Release|Any CPU
		{556C3CDA-439B-4735-9366-DB05B65EB646}.Debug|Any CPU.ActiveCfg = Debug|Any CPU
		{556C3CDA-439B-4735-9366-DB05B65EB646}.Debug|Any CPU.Build.0 = Debug|Any CPU
		{556C3CDA-439B-4735-9366-DB05B65EB646}.Release|Any CPU.ActiveCfg = Release|Any CPU
		{556C3CDA-439B-4735-9366-DB05B65EB646}.Release|Any CPU.Build.0 = Release|Any CPU
		{6DE3D588-A6F1-4710-A5E6-6514C6AD0577}.Debug|Any CPU.ActiveCfg = Debug|Any CPU
		{6DE3D588-A6F1-4710-A5E6-6514C6AD0577}.Debug|Any CPU.Build.0 = Debug|Any CPU
		{6DE3D588-A6F1-4710-A5E6-6514C6AD0577}.Release|Any CPU.ActiveCfg = Release|Any CPU
		{6DE3D588-A6F1-4710-A5E6-6514C6AD0577}.Release|Any CPU.Build.0 = Release|Any CPU
		{54D03D3F-93A8-47D6-914B-700240990102}.Debug|Any CPU.ActiveCfg = Debug|Any CPU
		{54D03D3F-93A8-47D6-914B-700240990102}.Debug|Any CPU.Build.0 = Debug|Any CPU
		{54D03D3F-93A8-47D6-914B-700240990102}.Release|Any CPU.ActiveCfg = Release|Any CPU
		{54D03D3F-93A8-47D6-914B-700240990102}.Release|Any CPU.Build.0 = Release|Any CPU
		{BAE23C39-CA65-4DDD-9DC7-DA8AEBB8962A}.Debug|Any CPU.ActiveCfg = Debug|Any CPU
		{BAE23C39-CA65-4DDD-9DC7-DA8AEBB8962A}.Debug|Any CPU.Build.0 = Debug|Any CPU
		{BAE23C39-CA65-4DDD-9DC7-DA8AEBB8962A}.Release|Any CPU.ActiveCfg = Release|Any CPU
		{BAE23C39-CA65-4DDD-9DC7-DA8AEBB8962A}.Release|Any CPU.Build.0 = Release|Any CPU
		{682DA179-56E4-46D6-B3CB-B990B090A7C8}.Debug|Any CPU.ActiveCfg = Debug|Any CPU
		{682DA179-56E4-46D6-B3CB-B990B090A7C8}.Debug|Any CPU.Build.0 = Debug|Any CPU
		{682DA179-56E4-46D6-B3CB-B990B090A7C8}.Release|Any CPU.ActiveCfg = Release|Any CPU
		{682DA179-56E4-46D6-B3CB-B990B090A7C8}.Release|Any CPU.Build.0 = Release|Any CPU
	EndGlobalSection
	GlobalSection(SolutionProperties) = preSolution
		HideSolutionNode = FALSE
	EndGlobalSection
	GlobalSection(ExtensibilityGlobals) = postSolution
		SolutionGuid = {5AA5DC47-290B-4712-A720-67309962A2E9}
	EndGlobalSection
EndGlobal
